
Microsoft Visual Studio Solution File, Format Version 12.00
# Visual Studio Version 17
VisualStudioVersion = 17.3.32922.545
MinimumVisualStudioVersion = 10.0.40219.1
Project("{FAE04EC0-301F-11D3-BF4B-00C04F79EFBC}") = "ARveCore", "ARveCore\ARveCore.csproj", "{FD24F134-0BB8-46C8-ABA5-7DA859444EB7}"
EndProject
Global
	GlobalSection(SolutionConfigurationPlatforms) = preSolution
		Debug|Any CPU = Debug|Any CPU
		Release|Any CPU = Release|Any CPU
	EndGlobalSection
	GlobalSection(ProjectConfigurationPlatforms) = postSolution
		{FD24F134-0BB8-46C8-ABA5-7DA859444EB7}.Debug|Any CPU.ActiveCfg = Debug|Any CPU
		{FD24F134-0BB8-46C8-ABA5-7DA859444EB7}.Debug|Any CPU.Build.0 = Debug|Any CPU
		{FD24F134-0BB8-46C8-ABA5-7DA859444EB7}.Release|Any CPU.ActiveCfg = Release|Any CPU
		{FD24F134-0BB8-46C8-ABA5-7DA859444EB7}.Release|Any CPU.Build.0 = Release|Any CPU
	EndGlobalSection
	GlobalSection(SolutionProperties) = preSolution
		HideSolutionNode = FALSE
	EndGlobalSection
	GlobalSection(ExtensibilityGlobals) = postSolution
		SolutionGuid = {DA313FCF-910B-4995-9ED9-AA03E6AE942B}
	EndGlobalSection
EndGlobal
